{
	"name": "@pocketberserker/akashic-filters",
	"version": "0.1.0",
	"lockfileVersion": 1,
	"requires": true,
	"dependencies": {
		"@akashic/akashic-engine": {
			"version": "2.4.14",
			"resolved": "https://registry.npmjs.org/@akashic/akashic-engine/-/akashic-engine-2.4.14.tgz",
			"integrity": "sha512-8bv4c1yWFydclFaiz41+XP7GdiI+gJxT1hVb0QZ1ZodSJQG198Oxj0SpeFq+rvDT7ysiUPx9Xg9LhcgMUy5SQA==",
			"dev": true
		},
		"@pocketberserker/akashic-random": {
			"version": "0.0.2",
			"resolved": "https://registry.npmjs.org/@pocketberserker/akashic-random/-/akashic-random-0.0.2.tgz",
			"integrity": "sha512-9YMs3jiAf/YyjBZ1IAgwbFnkVmM8LYP1QA0v362es+jtd5R4Zf6HgiP7J3pClbk/oBwok2JHwDZgNkZGAMintw=="
		},
		"@types/node": {
			"version": "10.1.2",
			"resolved": "https://registry.npmjs.org/@types/node/-/node-10.1.2.tgz",
			"integrity": "sha512-bjk1RIeZBCe/WukrFToIVegOf91Pebr8cXYBwLBIsfiGWVQ+ifwWsT59H3RxrWzWrzd1l/Amk1/ioY5Fq3/bpA==",
			"dev": true
		},
		"typescript": {
			"version": "3.5.2",
			"resolved": "https://registry.npmjs.org/typescript/-/typescript-3.5.2.tgz",
			"integrity": "sha512-7KxJovlYhTX5RaRbUdkAXN1KUZ8PwWlTzQdHV6xNqvuFOs7+WBo10TQUqT19Q/Jz2hk5v9TQDIhyLhhJY4p5AA==",
			"dev": true
		}
	}
}
